
Microsoft Visual Studio Solution File, Format Version 12.00
# Visual Studio Version 17
VisualStudioVersion = 17.6.33712.159
MinimumVisualStudioVersion = 10.0.40219.1
Project("{FAE04EC0-301F-11D3-BF4B-00C04F79EFBC}") = "BL_SnakeAndLadder", "BL_SnakeAndLadder\BL_SnakeAndLadder.csproj", "{DDAFBB76-AD90-4640-B706-21BB99FCED7E}"
EndProject
Global
	GlobalSection(SolutionConfigurationPlatforms) = preSolution
		Debug|Any CPU = Debug|Any CPU
		Release|Any CPU = Release|Any CPU
	EndGlobalSection
	GlobalSection(ProjectConfigurationPlatforms) = postSolution
		{DDAFBB76-AD90-4640-B706-21BB99FCED7E}.Debug|Any CPU.ActiveCfg = Debug|Any CPU
		{DDAFBB76-AD90-4640-B706-21BB99FCED7E}.Debug|Any CPU.Build.0 = Debug|Any CPU
		{DDAFBB76-AD90-4640-B706-21BB99FCED7E}.Release|Any CPU.ActiveCfg = Release|Any CPU
		{DDAFBB76-AD90-4640-B706-21BB99FCED7E}.Release|Any CPU.Build.0 = Release|Any CPU
	EndGlobalSection
	GlobalSection(SolutionProperties) = preSolution
		HideSolutionNode = FALSE
	EndGlobalSection
	GlobalSection(ExtensibilityGlobals) = postSolution
		SolutionGuid = {24BE0C73-3AB6-40E1-A9DA-39D30D3C0363}
	EndGlobalSection
EndGlobal
